
Microsoft Visual Studio Solution File, Format Version 12.00
# Visual Studio 2010
Project("{2150E333-8FDC-42A3-9474-1A3956D46DE8}") = "Touch", "Touch", "{EF0D23BE-7AAA-4C6C-BEDB-26081675C86B}"
EndProject
Project("{FAE04EC0-301F-11D3-BF4B-00C04F79EFBC}") = "System.Net.Touch", "System.Net.Touch\System.Net.Touch.csproj", "{13D0CB9B-25EC-48E0-9091-4FF0208545CA}"
EndProject
Project("{FAE04EC0-301F-11D3-BF4B-00C04F79EFBC}") = "System.Windows.Touch", "System.Windows.Touch\System.Windows.Touch.csproj", "{9499E72B-FD7C-4A9B-AB6C-0F9B7359257C}"
EndProject
Project("{2150E333-8FDC-42A3-9474-1A3956D46DE8}") = "Solution Items", "Solution Items", "{3C0195C7-4319-45DA-9443-BD201A0B56B3}"
	ProjectSection(SolutionItems) = preProject
		Signing\system_windows.snk = Signing\system_windows.snk
	EndProjectSection
EndProject
Project("{2150E333-8FDC-42A3-9474-1A3956D46DE8}") = "Droid", "Droid", "{5B7E02B7-7F5B-4F16-AACD-7902F111626A}"
EndProject
Project("{FAE04EC0-301F-11D3-BF4B-00C04F79EFBC}") = "System.Net.Droid", "System.Net\System.Net.Droid.csproj", "{EB2591F7-1492-4885-AD59-D11D2311BBC7}"
EndProject
Project("{FAE04EC0-301F-11D3-BF4B-00C04F79EFBC}") = "System.Windows.Droid", "System.Windows\System.Windows.Droid.csproj", "{72D13EE1-53A3-4A9F-9281-AE44CC5E92AC}"
EndProject
Project("{FAE04EC0-301F-11D3-BF4B-00C04F79EFBC}") = "System.Missing.Touch", "System.Missing.Touch\System.Missing.Touch.csproj", "{CD2F8E6A-C890-4FE5-91B6-EDFDC09C90EB}"
EndProject
Project("{FAE04EC0-301F-11D3-BF4B-00C04F79EFBC}") = "System.Xml.Serialization.Droid", "System.Xml.Serialization.Droid\System.Xml.Serialization.Droid.csproj", "{D2079E56-FD7D-45C7-81F1-1991FCD2CBF8}"
EndProject
Project("{FAE04EC0-301F-11D3-BF4B-00C04F79EFBC}") = "System.Xml.Serialization.Touch", "System.Xml.Serialization.Touch\System.Xml.Serialization.Touch.csproj", "{03B7B187-9C2B-4117-8D94-09A2DD8ABFBF}"
EndProject
Global
	GlobalSection(SolutionConfigurationPlatforms) = preSolution
		Ad-Hoc|Any CPU = Ad-Hoc|Any CPU
		Ad-Hoc|ARM = Ad-Hoc|ARM
		Ad-Hoc|iPhone = Ad-Hoc|iPhone
		Ad-Hoc|iPhoneSimulator = Ad-Hoc|iPhoneSimulator
		Ad-Hoc|Mixed Platforms = Ad-Hoc|Mixed Platforms
		Ad-Hoc|x64 = Ad-Hoc|x64
		Ad-Hoc|x86 = Ad-Hoc|x86
		AppStore|Any CPU = AppStore|Any CPU
		AppStore|ARM = AppStore|ARM
		AppStore|iPhone = AppStore|iPhone
		AppStore|iPhoneSimulator = AppStore|iPhoneSimulator
		AppStore|Mixed Platforms = AppStore|Mixed Platforms
		AppStore|x64 = AppStore|x64
		AppStore|x86 = AppStore|x86
		Debug|Any CPU = Debug|Any CPU
		Debug|ARM = Debug|ARM
		Debug|iPhone = Debug|iPhone
		Debug|iPhoneSimulator = Debug|iPhoneSimulator
		Debug|Mixed Platforms = Debug|Mixed Platforms
		Debug|x64 = Debug|x64
		Debug|x86 = Debug|x86
		Distribution|Any CPU = Distribution|Any CPU
		Distribution|ARM = Distribution|ARM
		Distribution|iPhone = Distribution|iPhone
		Distribution|iPhoneSimulator = Distribution|iPhoneSimulator
		Distribution|Mixed Platforms = Distribution|Mixed Platforms
		Distribution|x64 = Distribution|x64
		Distribution|x86 = Distribution|x86
		Release|Any CPU = Release|Any CPU
		Release|ARM = Release|ARM
		Release|iPhone = Release|iPhone
		Release|iPhoneSimulator = Release|iPhoneSimulator
		Release|Mixed Platforms = Release|Mixed Platforms
		Release|x64 = Release|x64
		Release|x86 = Release|x86
	EndGlobalSection
	GlobalSection(ProjectConfigurationPlatforms) = postSolution
		{13D0CB9B-25EC-48E0-9091-4FF0208545CA}.Ad-Hoc|Any CPU.ActiveCfg = Release|Any CPU
		{13D0CB9B-25EC-48E0-9091-4FF0208545CA}.Ad-Hoc|Any CPU.Build.0 = Release|Any CPU
		{13D0CB9B-25EC-48E0-9091-4FF0208545CA}.Ad-Hoc|ARM.ActiveCfg = Release|Any CPU
		{13D0CB9B-25EC-48E0-9091-4FF0208545CA}.Ad-Hoc|iPhone.ActiveCfg = Debug|Any CPU
		{13D0CB9B-25EC-48E0-9091-4FF0208545CA}.Ad-Hoc|iPhone.Build.0 = Debug|Any CPU
		{13D0CB9B-25EC-48E0-9091-4FF0208545CA}.Ad-Hoc|iPhoneSimulator.ActiveCfg = Release|Any CPU
		{13D0CB9B-25EC-48E0-9091-4FF0208545CA}.Ad-Hoc|Mixed Platforms.ActiveCfg = Release|Any CPU
		{13D0CB9B-25EC-48E0-9091-4FF0208545CA}.Ad-Hoc|x64.ActiveCfg = Release|Any CPU
		{13D0CB9B-25EC-48E0-9091-4FF0208545CA}.Ad-Hoc|x86.ActiveCfg = Release|Any CPU
		{13D0CB9B-25EC-48E0-9091-4FF0208545CA}.AppStore|Any CPU.ActiveCfg = Release|Any CPU
		{13D0CB9B-25EC-48E0-9091-4FF0208545CA}.AppStore|ARM.ActiveCfg = Release|Any CPU
		{13D0CB9B-25EC-48E0-9091-4FF0208545CA}.AppStore|iPhone.ActiveCfg = Debug|Any CPU
		{13D0CB9B-25EC-48E0-9091-4FF0208545CA}.AppStore|iPhone.Build.0 = Debug|Any CPU
		{13D0CB9B-25EC-48E0-9091-4FF0208545CA}.AppStore|iPhoneSimulator.ActiveCfg = Release|Any CPU
		{13D0CB9B-25EC-48E0-9091-4FF0208545CA}.AppStore|Mixed Platforms.ActiveCfg = Release|Any CPU
		{13D0CB9B-25EC-48E0-9091-4FF0208545CA}.AppStore|x64.ActiveCfg = Release|Any CPU
		{13D0CB9B-25EC-48E0-9091-4FF0208545CA}.AppStore|x86.ActiveCfg = Release|Any CPU
		{13D0CB9B-25EC-48E0-9091-4FF0208545CA}.Debug|Any CPU.ActiveCfg = Debug|Any CPU
		{13D0CB9B-25EC-48E0-9091-4FF0208545CA}.Debug|Any CPU.Build.0 = Debug|Any CPU
		{13D0CB9B-25EC-48E0-9091-4FF0208545CA}.Debug|ARM.ActiveCfg = Debug|Any CPU
		{13D0CB9B-25EC-48E0-9091-4FF0208545CA}.Debug|iPhone.ActiveCfg = Debug|Any CPU
		{13D0CB9B-25EC-48E0-9091-4FF0208545CA}.Debug|iPhone.Build.0 = Debug|Any CPU
		{13D0CB9B-25EC-48E0-9091-4FF0208545CA}.Debug|iPhoneSimulator.ActiveCfg = Debug|Any CPU
		{13D0CB9B-25EC-48E0-9091-4FF0208545CA}.Debug|iPhoneSimulator.Build.0 = Debug|Any CPU
		{13D0CB9B-25EC-48E0-9091-4FF0208545CA}.Debug|Mixed Platforms.ActiveCfg = Debug|Any CPU
		{13D0CB9B-25EC-48E0-9091-4FF0208545CA}.Debug|Mixed Platforms.Build.0 = Debug|Any CPU
		{13D0CB9B-25EC-48E0-9091-4FF0208545CA}.Debug|x64.ActiveCfg = Debug|Any CPU
		{13D0CB9B-25EC-48E0-9091-4FF0208545CA}.Debug|x86.ActiveCfg = Debug|Any CPU
		{13D0CB9B-25EC-48E0-9091-4FF0208545CA}.Distribution|Any CPU.ActiveCfg = Debug|Any CPU
		{13D0CB9B-25EC-48E0-9091-4FF0208545CA}.Distribution|Any CPU.Build.0 = Debug|Any CPU
		{13D0CB9B-25EC-48E0-9091-4FF0208545CA}.Distribution|ARM.ActiveCfg = Debug|Any CPU
		{13D0CB9B-25EC-48E0-9091-4FF0208545CA}.Distribution|iPhone.ActiveCfg = Debug|Any CPU
		{13D0CB9B-25EC-48E0-9091-4FF0208545CA}.Distribution|iPhoneSimulator.ActiveCfg = Debug|Any CPU
		{13D0CB9B-25EC-48E0-9091-4FF0208545CA}.Distribution|Mixed Platforms.ActiveCfg = Debug|Any CPU
		{13D0CB9B-25EC-48E0-9091-4FF0208545CA}.Distribution|Mixed Platforms.Build.0 = Debug|Any CPU
		{13D0CB9B-25EC-48E0-9091-4FF0208545CA}.Distribution|x64.ActiveCfg = Debug|Any CPU
		{13D0CB9B-25EC-48E0-9091-4FF0208545CA}.Distribution|x86.ActiveCfg = Debug|Any CPU
		{13D0CB9B-25EC-48E0-9091-4FF0208545CA}.Release|Any CPU.ActiveCfg = Release|Any CPU
		{13D0CB9B-25EC-48E0-9091-4FF0208545CA}.Release|Any CPU.Build.0 = Release|Any CPU
		{13D0CB9B-25EC-48E0-9091-4FF0208545CA}.Release|ARM.ActiveCfg = Release|Any CPU
		{13D0CB9B-25EC-48E0-9091-4FF0208545CA}.Release|iPhone.ActiveCfg = Release|Any CPU
		{13D0CB9B-25EC-48E0-9091-4FF0208545CA}.Release|iPhone.Build.0 = Release|Any CPU
		{13D0CB9B-25EC-48E0-9091-4FF0208545CA}.Release|iPhoneSimulator.ActiveCfg = Release|Any CPU
		{13D0CB9B-25EC-48E0-9091-4FF0208545CA}.Release|iPhoneSimulator.Build.0 = Release|Any CPU
		{13D0CB9B-25EC-48E0-9091-4FF0208545CA}.Release|Mixed Platforms.ActiveCfg = Release|Any CPU
		{13D0CB9B-25EC-48E0-9091-4FF0208545CA}.Release|Mixed Platforms.Build.0 = Release|Any CPU
		{13D0CB9B-25EC-48E0-9091-4FF0208545CA}.Release|x64.ActiveCfg = Release|Any CPU
		{13D0CB9B-25EC-48E0-9091-4FF0208545CA}.Release|x86.ActiveCfg = Release|Any CPU
		{9499E72B-FD7C-4A9B-AB6C-0F9B7359257C}.Ad-Hoc|Any CPU.ActiveCfg = Release|Any CPU
		{9499E72B-FD7C-4A9B-AB6C-0F9B7359257C}.Ad-Hoc|Any CPU.Build.0 = Release|Any CPU
		{9499E72B-FD7C-4A9B-AB6C-0F9B7359257C}.Ad-Hoc|ARM.ActiveCfg = Release|Any CPU
		{9499E72B-FD7C-4A9B-AB6C-0F9B7359257C}.Ad-Hoc|iPhone.ActiveCfg = Debug|Any CPU
		{9499E72B-FD7C-4A9B-AB6C-0F9B7359257C}.Ad-Hoc|iPhone.Build.0 = Debug|Any CPU
		{9499E72B-FD7C-4A9B-AB6C-0F9B7359257C}.Ad-Hoc|iPhoneSimulator.ActiveCfg = Release|Any CPU
		{9499E72B-FD7C-4A9B-AB6C-0F9B7359257C}.Ad-Hoc|Mixed Platforms.ActiveCfg = Release|Any CPU
		{9499E72B-FD7C-4A9B-AB6C-0F9B7359257C}.Ad-Hoc|Mixed Platforms.Build.0 = Release|Any CPU
		{9499E72B-FD7C-4A9B-AB6C-0F9B7359257C}.Ad-Hoc|x64.ActiveCfg = Release|Any CPU
		{9499E72B-FD7C-4A9B-AB6C-0F9B7359257C}.Ad-Hoc|x86.ActiveCfg = Release|Any CPU
		{9499E72B-FD7C-4A9B-AB6C-0F9B7359257C}.AppStore|Any CPU.ActiveCfg = Release|Any CPU
		{9499E72B-FD7C-4A9B-AB6C-0F9B7359257C}.AppStore|Any CPU.Build.0 = Release|Any CPU
		{9499E72B-FD7C-4A9B-AB6C-0F9B7359257C}.AppStore|ARM.ActiveCfg = Release|Any CPU
		{9499E72B-FD7C-4A9B-AB6C-0F9B7359257C}.AppStore|iPhone.ActiveCfg = Debug|Any CPU
		{9499E72B-FD7C-4A9B-AB6C-0F9B7359257C}.AppStore|iPhone.Build.0 = Debug|Any CPU
		{9499E72B-FD7C-4A9B-AB6C-0F9B7359257C}.AppStore|iPhoneSimulator.ActiveCfg = Release|Any CPU
		{9499E72B-FD7C-4A9B-AB6C-0F9B7359257C}.AppStore|Mixed Platforms.ActiveCfg = Release|Any CPU
		{9499E72B-FD7C-4A9B-AB6C-0F9B7359257C}.AppStore|Mixed Platforms.Build.0 = Release|Any CPU
		{9499E72B-FD7C-4A9B-AB6C-0F9B7359257C}.AppStore|x64.ActiveCfg = Release|Any CPU
		{9499E72B-FD7C-4A9B-AB6C-0F9B7359257C}.AppStore|x86.ActiveCfg = Release|Any CPU
		{9499E72B-FD7C-4A9B-AB6C-0F9B7359257C}.Debug|Any CPU.ActiveCfg = Debug|Any CPU
		{9499E72B-FD7C-4A9B-AB6C-0F9B7359257C}.Debug|Any CPU.Build.0 = Debug|Any CPU
		{9499E72B-FD7C-4A9B-AB6C-0F9B7359257C}.Debug|ARM.ActiveCfg = Debug|Any CPU
		{9499E72B-FD7C-4A9B-AB6C-0F9B7359257C}.Debug|iPhone.ActiveCfg = Debug|Any CPU
		{9499E72B-FD7C-4A9B-AB6C-0F9B7359257C}.Debug|iPhone.Build.0 = Debug|Any CPU
		{9499E72B-FD7C-4A9B-AB6C-0F9B7359257C}.Debug|iPhoneSimulator.ActiveCfg = Debug|Any CPU
		{9499E72B-FD7C-4A9B-AB6C-0F9B7359257C}.Debug|iPhoneSimulator.Build.0 = Debug|Any CPU
		{9499E72B-FD7C-4A9B-AB6C-0F9B7359257C}.Debug|Mixed Platforms.ActiveCfg = Debug|Any CPU
		{9499E72B-FD7C-4A9B-AB6C-0F9B7359257C}.Debug|Mixed Platforms.Build.0 = Debug|Any CPU
		{9499E72B-FD7C-4A9B-AB6C-0F9B7359257C}.Debug|x64.ActiveCfg = Debug|Any CPU
		{9499E72B-FD7C-4A9B-AB6C-0F9B7359257C}.Debug|x86.ActiveCfg = Debug|Any CPU
		{9499E72B-FD7C-4A9B-AB6C-0F9B7359257C}.Distribution|Any CPU.ActiveCfg = Debug|Any CPU
		{9499E72B-FD7C-4A9B-AB6C-0F9B7359257C}.Distribution|Any CPU.Build.0 = Debug|Any CPU
		{9499E72B-FD7C-4A9B-AB6C-0F9B7359257C}.Distribution|ARM.ActiveCfg = Debug|Any CPU
		{9499E72B-FD7C-4A9B-AB6C-0F9B7359257C}.Distribution|iPhone.ActiveCfg = Debug|Any CPU
		{9499E72B-FD7C-4A9B-AB6C-0F9B7359257C}.Distribution|iPhoneSimulator.ActiveCfg = Debug|Any CPU
		{9499E72B-FD7C-4A9B-AB6C-0F9B7359257C}.Distribution|Mixed Platforms.ActiveCfg = Debug|Any CPU
		{9499E72B-FD7C-4A9B-AB6C-0F9B7359257C}.Distribution|Mixed Platforms.Build.0 = Debug|Any CPU
		{9499E72B-FD7C-4A9B-AB6C-0F9B7359257C}.Distribution|x64.ActiveCfg = Debug|Any CPU
		{9499E72B-FD7C-4A9B-AB6C-0F9B7359257C}.Distribution|x86.ActiveCfg = Debug|Any CPU
		{9499E72B-FD7C-4A9B-AB6C-0F9B7359257C}.Release|Any CPU.ActiveCfg = Release|Any CPU
		{9499E72B-FD7C-4A9B-AB6C-0F9B7359257C}.Release|Any CPU.Build.0 = Release|Any CPU
		{9499E72B-FD7C-4A9B-AB6C-0F9B7359257C}.Release|ARM.ActiveCfg = Release|Any CPU
		{9499E72B-FD7C-4A9B-AB6C-0F9B7359257C}.Release|iPhone.ActiveCfg = Release|Any CPU
		{9499E72B-FD7C-4A9B-AB6C-0F9B7359257C}.Release|iPhone.Build.0 = Release|Any CPU
		{9499E72B-FD7C-4A9B-AB6C-0F9B7359257C}.Release|iPhoneSimulator.ActiveCfg = Release|Any CPU
		{9499E72B-FD7C-4A9B-AB6C-0F9B7359257C}.Release|iPhoneSimulator.Build.0 = Release|Any CPU
		{9499E72B-FD7C-4A9B-AB6C-0F9B7359257C}.Release|Mixed Platforms.ActiveCfg = Release|Any CPU
		{9499E72B-FD7C-4A9B-AB6C-0F9B7359257C}.Release|Mixed Platforms.Build.0 = Release|Any CPU
		{9499E72B-FD7C-4A9B-AB6C-0F9B7359257C}.Release|x64.ActiveCfg = Release|Any CPU
		{9499E72B-FD7C-4A9B-AB6C-0F9B7359257C}.Release|x86.ActiveCfg = Release|Any CPU
		{EB2591F7-1492-4885-AD59-D11D2311BBC7}.Ad-Hoc|Any CPU.ActiveCfg = Release|Any CPU
		{EB2591F7-1492-4885-AD59-D11D2311BBC7}.Ad-Hoc|Any CPU.Build.0 = Release|Any CPU
		{EB2591F7-1492-4885-AD59-D11D2311BBC7}.Ad-Hoc|ARM.ActiveCfg = Release|Any CPU
		{EB2591F7-1492-4885-AD59-D11D2311BBC7}.Ad-Hoc|iPhone.ActiveCfg = Release|Any CPU
		{EB2591F7-1492-4885-AD59-D11D2311BBC7}.Ad-Hoc|iPhoneSimulator.ActiveCfg = Release|Any CPU
		{EB2591F7-1492-4885-AD59-D11D2311BBC7}.Ad-Hoc|Mixed Platforms.ActiveCfg = Release|Any CPU
		{EB2591F7-1492-4885-AD59-D11D2311BBC7}.Ad-Hoc|Mixed Platforms.Build.0 = Release|Any CPU
		{EB2591F7-1492-4885-AD59-D11D2311BBC7}.Ad-Hoc|x64.ActiveCfg = Release|Any CPU
		{EB2591F7-1492-4885-AD59-D11D2311BBC7}.Ad-Hoc|x86.ActiveCfg = Release|Any CPU
		{EB2591F7-1492-4885-AD59-D11D2311BBC7}.AppStore|Any CPU.ActiveCfg = Release|Any CPU
		{EB2591F7-1492-4885-AD59-D11D2311BBC7}.AppStore|Any CPU.Build.0 = Release|Any CPU
		{EB2591F7-1492-4885-AD59-D11D2311BBC7}.AppStore|ARM.ActiveCfg = Release|Any CPU
		{EB2591F7-1492-4885-AD59-D11D2311BBC7}.AppStore|iPhone.ActiveCfg = Release|Any CPU
		{EB2591F7-1492-4885-AD59-D11D2311BBC7}.AppStore|iPhoneSimulator.ActiveCfg = Release|Any CPU
		{EB2591F7-1492-4885-AD59-D11D2311BBC7}.AppStore|Mixed Platforms.ActiveCfg = Release|Any CPU
		{EB2591F7-1492-4885-AD59-D11D2311BBC7}.AppStore|Mixed Platforms.Build.0 = Release|Any CPU
		{EB2591F7-1492-4885-AD59-D11D2311BBC7}.AppStore|x64.ActiveCfg = Release|Any CPU
		{EB2591F7-1492-4885-AD59-D11D2311BBC7}.AppStore|x86.ActiveCfg = Release|Any CPU
		{EB2591F7-1492-4885-AD59-D11D2311BBC7}.Debug|Any CPU.ActiveCfg = Debug|Any CPU
		{EB2591F7-1492-4885-AD59-D11D2311BBC7}.Debug|Any CPU.Build.0 = Debug|Any CPU
		{EB2591F7-1492-4885-AD59-D11D2311BBC7}.Debug|ARM.ActiveCfg = Debug|Any CPU
		{EB2591F7-1492-4885-AD59-D11D2311BBC7}.Debug|iPhone.ActiveCfg = Debug|Any CPU
		{EB2591F7-1492-4885-AD59-D11D2311BBC7}.Debug|iPhoneSimulator.ActiveCfg = Debug|Any CPU
		{EB2591F7-1492-4885-AD59-D11D2311BBC7}.Debug|Mixed Platforms.ActiveCfg = Debug|Any CPU
		{EB2591F7-1492-4885-AD59-D11D2311BBC7}.Debug|Mixed Platforms.Build.0 = Debug|Any CPU
		{EB2591F7-1492-4885-AD59-D11D2311BBC7}.Debug|x64.ActiveCfg = Debug|Any CPU
		{EB2591F7-1492-4885-AD59-D11D2311BBC7}.Debug|x86.ActiveCfg = Debug|Any CPU
		{EB2591F7-1492-4885-AD59-D11D2311BBC7}.Distribution|Any CPU.ActiveCfg = Debug|Any CPU
		{EB2591F7-1492-4885-AD59-D11D2311BBC7}.Distribution|Any CPU.Build.0 = Debug|Any CPU
		{EB2591F7-1492-4885-AD59-D11D2311BBC7}.Distribution|ARM.ActiveCfg = Debug|Any CPU
		{EB2591F7-1492-4885-AD59-D11D2311BBC7}.Distribution|iPhone.ActiveCfg = Debug|Any CPU
		{EB2591F7-1492-4885-AD59-D11D2311BBC7}.Distribution|iPhoneSimulator.ActiveCfg = Debug|Any CPU
		{EB2591F7-1492-4885-AD59-D11D2311BBC7}.Distribution|Mixed Platforms.ActiveCfg = Debug|Any CPU
		{EB2591F7-1492-4885-AD59-D11D2311BBC7}.Distribution|Mixed Platforms.Build.0 = Debug|Any CPU
		{EB2591F7-1492-4885-AD59-D11D2311BBC7}.Distribution|x64.ActiveCfg = Debug|Any CPU
		{EB2591F7-1492-4885-AD59-D11D2311BBC7}.Distribution|x86.ActiveCfg = Debug|Any CPU
		{EB2591F7-1492-4885-AD59-D11D2311BBC7}.Release|Any CPU.ActiveCfg = Release|Any CPU
		{EB2591F7-1492-4885-AD59-D11D2311BBC7}.Release|Any CPU.Build.0 = Release|Any CPU
		{EB2591F7-1492-4885-AD59-D11D2311BBC7}.Release|ARM.ActiveCfg = Release|Any CPU
		{EB2591F7-1492-4885-AD59-D11D2311BBC7}.Release|iPhone.ActiveCfg = Release|Any CPU
		{EB2591F7-1492-4885-AD59-D11D2311BBC7}.Release|iPhoneSimulator.ActiveCfg = Release|Any CPU
		{EB2591F7-1492-4885-AD59-D11D2311BBC7}.Release|Mixed Platforms.ActiveCfg = Release|Any CPU
		{EB2591F7-1492-4885-AD59-D11D2311BBC7}.Release|Mixed Platforms.Build.0 = Release|Any CPU
		{EB2591F7-1492-4885-AD59-D11D2311BBC7}.Release|x64.ActiveCfg = Release|Any CPU
		{EB2591F7-1492-4885-AD59-D11D2311BBC7}.Release|x86.ActiveCfg = Release|Any CPU
		{72D13EE1-53A3-4A9F-9281-AE44CC5E92AC}.Ad-Hoc|Any CPU.ActiveCfg = Release|Any CPU
		{72D13EE1-53A3-4A9F-9281-AE44CC5E92AC}.Ad-Hoc|Any CPU.Build.0 = Release|Any CPU
		{72D13EE1-53A3-4A9F-9281-AE44CC5E92AC}.Ad-Hoc|ARM.ActiveCfg = Release|Any CPU
		{72D13EE1-53A3-4A9F-9281-AE44CC5E92AC}.Ad-Hoc|iPhone.ActiveCfg = Release|Any CPU
		{72D13EE1-53A3-4A9F-9281-AE44CC5E92AC}.Ad-Hoc|iPhoneSimulator.ActiveCfg = Release|Any CPU
		{72D13EE1-53A3-4A9F-9281-AE44CC5E92AC}.Ad-Hoc|Mixed Platforms.ActiveCfg = Release|Any CPU
		{72D13EE1-53A3-4A9F-9281-AE44CC5E92AC}.Ad-Hoc|Mixed Platforms.Build.0 = Release|Any CPU
		{72D13EE1-53A3-4A9F-9281-AE44CC5E92AC}.Ad-Hoc|x64.ActiveCfg = Release|Any CPU
		{72D13EE1-53A3-4A9F-9281-AE44CC5E92AC}.Ad-Hoc|x86.ActiveCfg = Release|Any CPU
		{72D13EE1-53A3-4A9F-9281-AE44CC5E92AC}.AppStore|Any CPU.ActiveCfg = Release|Any CPU
		{72D13EE1-53A3-4A9F-9281-AE44CC5E92AC}.AppStore|Any CPU.Build.0 = Release|Any CPU
		{72D13EE1-53A3-4A9F-9281-AE44CC5E92AC}.AppStore|ARM.ActiveCfg = Release|Any CPU
		{72D13EE1-53A3-4A9F-9281-AE44CC5E92AC}.AppStore|iPhone.ActiveCfg = Release|Any CPU
		{72D13EE1-53A3-4A9F-9281-AE44CC5E92AC}.AppStore|iPhoneSimulator.ActiveCfg = Release|Any CPU
		{72D13EE1-53A3-4A9F-9281-AE44CC5E92AC}.AppStore|Mixed Platforms.ActiveCfg = Release|Any CPU
		{72D13EE1-53A3-4A9F-9281-AE44CC5E92AC}.AppStore|Mixed Platforms.Build.0 = Release|Any CPU
		{72D13EE1-53A3-4A9F-9281-AE44CC5E92AC}.AppStore|x64.ActiveCfg = Release|Any CPU
		{72D13EE1-53A3-4A9F-9281-AE44CC5E92AC}.AppStore|x86.ActiveCfg = Release|Any CPU
		{72D13EE1-53A3-4A9F-9281-AE44CC5E92AC}.Debug|Any CPU.ActiveCfg = Debug|Any CPU
		{72D13EE1-53A3-4A9F-9281-AE44CC5E92AC}.Debug|Any CPU.Build.0 = Debug|Any CPU
		{72D13EE1-53A3-4A9F-9281-AE44CC5E92AC}.Debug|ARM.ActiveCfg = Debug|Any CPU
		{72D13EE1-53A3-4A9F-9281-AE44CC5E92AC}.Debug|iPhone.ActiveCfg = Debug|Any CPU
		{72D13EE1-53A3-4A9F-9281-AE44CC5E92AC}.Debug|iPhoneSimulator.ActiveCfg = Debug|Any CPU
		{72D13EE1-53A3-4A9F-9281-AE44CC5E92AC}.Debug|Mixed Platforms.ActiveCfg = Debug|Any CPU
		{72D13EE1-53A3-4A9F-9281-AE44CC5E92AC}.Debug|Mixed Platforms.Build.0 = Debug|Any CPU
		{72D13EE1-53A3-4A9F-9281-AE44CC5E92AC}.Debug|x64.ActiveCfg = Debug|Any CPU
		{72D13EE1-53A3-4A9F-9281-AE44CC5E92AC}.Debug|x86.ActiveCfg = Debug|Any CPU
		{72D13EE1-53A3-4A9F-9281-AE44CC5E92AC}.Distribution|Any CPU.ActiveCfg = Debug|Any CPU
		{72D13EE1-53A3-4A9F-9281-AE44CC5E92AC}.Distribution|Any CPU.Build.0 = Debug|Any CPU
		{72D13EE1-53A3-4A9F-9281-AE44CC5E92AC}.Distribution|ARM.ActiveCfg = Debug|Any CPU
		{72D13EE1-53A3-4A9F-9281-AE44CC5E92AC}.Distribution|iPhone.ActiveCfg = Debug|Any CPU
		{72D13EE1-53A3-4A9F-9281-AE44CC5E92AC}.Distribution|iPhoneSimulator.ActiveCfg = Debug|Any CPU
		{72D13EE1-53A3-4A9F-9281-AE44CC5E92AC}.Distribution|Mixed Platforms.ActiveCfg = Debug|Any CPU
		{72D13EE1-53A3-4A9F-9281-AE44CC5E92AC}.Distribution|Mixed Platforms.Build.0 = Debug|Any CPU
		{72D13EE1-53A3-4A9F-9281-AE44CC5E92AC}.Distribution|x64.ActiveCfg = Debug|Any CPU
		{72D13EE1-53A3-4A9F-9281-AE44CC5E92AC}.Distribution|x86.ActiveCfg = Debug|Any CPU
		{72D13EE1-53A3-4A9F-9281-AE44CC5E92AC}.Release|Any CPU.ActiveCfg = Release|Any CPU
		{72D13EE1-53A3-4A9F-9281-AE44CC5E92AC}.Release|Any CPU.Build.0 = Release|Any CPU
		{72D13EE1-53A3-4A9F-9281-AE44CC5E92AC}.Release|ARM.ActiveCfg = Release|Any CPU
		{72D13EE1-53A3-4A9F-9281-AE44CC5E92AC}.Release|iPhone.ActiveCfg = Release|Any CPU
		{72D13EE1-53A3-4A9F-9281-AE44CC5E92AC}.Release|iPhoneSimulator.ActiveCfg = Release|Any CPU
		{72D13EE1-53A3-4A9F-9281-AE44CC5E92AC}.Release|Mixed Platforms.ActiveCfg = Release|Any CPU
		{72D13EE1-53A3-4A9F-9281-AE44CC5E92AC}.Release|Mixed Platforms.Build.0 = Release|Any CPU
		{72D13EE1-53A3-4A9F-9281-AE44CC5E92AC}.Release|x64.ActiveCfg = Release|Any CPU
		{72D13EE1-53A3-4A9F-9281-AE44CC5E92AC}.Release|x86.ActiveCfg = Release|Any CPU
		{CD2F8E6A-C890-4FE5-91B6-EDFDC09C90EB}.Ad-Hoc|Any CPU.ActiveCfg = Release|Any CPU
		{CD2F8E6A-C890-4FE5-91B6-EDFDC09C90EB}.Ad-Hoc|Any CPU.Build.0 = Release|Any CPU
		{CD2F8E6A-C890-4FE5-91B6-EDFDC09C90EB}.Ad-Hoc|ARM.ActiveCfg = Release|Any CPU
		{CD2F8E6A-C890-4FE5-91B6-EDFDC09C90EB}.Ad-Hoc|iPhone.ActiveCfg = Release|Any CPU
		{CD2F8E6A-C890-4FE5-91B6-EDFDC09C90EB}.Ad-Hoc|iPhoneSimulator.ActiveCfg = Release|Any CPU
		{CD2F8E6A-C890-4FE5-91B6-EDFDC09C90EB}.Ad-Hoc|Mixed Platforms.ActiveCfg = Release|Any CPU
		{CD2F8E6A-C890-4FE5-91B6-EDFDC09C90EB}.Ad-Hoc|Mixed Platforms.Build.0 = Release|Any CPU
		{CD2F8E6A-C890-4FE5-91B6-EDFDC09C90EB}.Ad-Hoc|x64.ActiveCfg = Release|Any CPU
		{CD2F8E6A-C890-4FE5-91B6-EDFDC09C90EB}.Ad-Hoc|x86.ActiveCfg = Release|Any CPU
		{CD2F8E6A-C890-4FE5-91B6-EDFDC09C90EB}.AppStore|Any CPU.ActiveCfg = Release|Any CPU
		{CD2F8E6A-C890-4FE5-91B6-EDFDC09C90EB}.AppStore|Any CPU.Build.0 = Release|Any CPU
		{CD2F8E6A-C890-4FE5-91B6-EDFDC09C90EB}.AppStore|ARM.ActiveCfg = Release|Any CPU
		{CD2F8E6A-C890-4FE5-91B6-EDFDC09C90EB}.AppStore|iPhone.ActiveCfg = Release|Any CPU
		{CD2F8E6A-C890-4FE5-91B6-EDFDC09C90EB}.AppStore|iPhoneSimulator.ActiveCfg = Release|Any CPU
		{CD2F8E6A-C890-4FE5-91B6-EDFDC09C90EB}.AppStore|Mixed Platforms.ActiveCfg = Release|Any CPU
		{CD2F8E6A-C890-4FE5-91B6-EDFDC09C90EB}.AppStore|Mixed Platforms.Build.0 = Release|Any CPU
		{CD2F8E6A-C890-4FE5-91B6-EDFDC09C90EB}.AppStore|x64.ActiveCfg = Release|Any CPU
		{CD2F8E6A-C890-4FE5-91B6-EDFDC09C90EB}.AppStore|x86.ActiveCfg = Release|Any CPU
		{CD2F8E6A-C890-4FE5-91B6-EDFDC09C90EB}.Debug|Any CPU.ActiveCfg = Debug|Any CPU
		{CD2F8E6A-C890-4FE5-91B6-EDFDC09C90EB}.Debug|Any CPU.Build.0 = Debug|Any CPU
		{CD2F8E6A-C890-4FE5-91B6-EDFDC09C90EB}.Debug|ARM.ActiveCfg = Debug|Any CPU
		{CD2F8E6A-C890-4FE5-91B6-EDFDC09C90EB}.Debug|iPhone.ActiveCfg = Debug|Any CPU
		{CD2F8E6A-C890-4FE5-91B6-EDFDC09C90EB}.Debug|iPhoneSimulator.ActiveCfg = Debug|Any CPU
		{CD2F8E6A-C890-4FE5-91B6-EDFDC09C90EB}.Debug|Mixed Platforms.ActiveCfg = Debug|Any CPU
		{CD2F8E6A-C890-4FE5-91B6-EDFDC09C90EB}.Debug|Mixed Platforms.Build.0 = Debug|Any CPU
		{CD2F8E6A-C890-4FE5-91B6-EDFDC09C90EB}.Debug|x64.ActiveCfg = Debug|Any CPU
		{CD2F8E6A-C890-4FE5-91B6-EDFDC09C90EB}.Debug|x86.ActiveCfg = Debug|Any CPU
		{CD2F8E6A-C890-4FE5-91B6-EDFDC09C90EB}.Distribution|Any CPU.ActiveCfg = Debug|Any CPU
		{CD2F8E6A-C890-4FE5-91B6-EDFDC09C90EB}.Distribution|Any CPU.Build.0 = Debug|Any CPU
		{CD2F8E6A-C890-4FE5-91B6-EDFDC09C90EB}.Distribution|ARM.ActiveCfg = Debug|Any CPU
		{CD2F8E6A-C890-4FE5-91B6-EDFDC09C90EB}.Distribution|iPhone.ActiveCfg = Debug|Any CPU
		{CD2F8E6A-C890-4FE5-91B6-EDFDC09C90EB}.Distribution|iPhoneSimulator.ActiveCfg = Debug|Any CPU
		{CD2F8E6A-C890-4FE5-91B6-EDFDC09C90EB}.Distribution|Mixed Platforms.ActiveCfg = Debug|Any CPU
		{CD2F8E6A-C890-4FE5-91B6-EDFDC09C90EB}.Distribution|Mixed Platforms.Build.0 = Debug|Any CPU
		{CD2F8E6A-C890-4FE5-91B6-EDFDC09C90EB}.Distribution|x64.ActiveCfg = Debug|Any CPU
		{CD2F8E6A-C890-4FE5-91B6-EDFDC09C90EB}.Distribution|x86.ActiveCfg = Debug|Any CPU
		{CD2F8E6A-C890-4FE5-91B6-EDFDC09C90EB}.Release|Any CPU.ActiveCfg = Release|Any CPU
		{CD2F8E6A-C890-4FE5-91B6-EDFDC09C90EB}.Release|Any CPU.Build.0 = Release|Any CPU
		{CD2F8E6A-C890-4FE5-91B6-EDFDC09C90EB}.Release|ARM.ActiveCfg = Release|Any CPU
		{CD2F8E6A-C890-4FE5-91B6-EDFDC09C90EB}.Release|iPhone.ActiveCfg = Release|Any CPU
		{CD2F8E6A-C890-4FE5-91B6-EDFDC09C90EB}.Release|iPhoneSimulator.ActiveCfg = Release|Any CPU
		{CD2F8E6A-C890-4FE5-91B6-EDFDC09C90EB}.Release|Mixed Platforms.ActiveCfg = Release|Any CPU
		{CD2F8E6A-C890-4FE5-91B6-EDFDC09C90EB}.Release|Mixed Platforms.Build.0 = Release|Any CPU
		{CD2F8E6A-C890-4FE5-91B6-EDFDC09C90EB}.Release|x64.ActiveCfg = Release|Any CPU
		{CD2F8E6A-C890-4FE5-91B6-EDFDC09C90EB}.Release|x86.ActiveCfg = Release|Any CPU
		{D2079E56-FD7D-45C7-81F1-1991FCD2CBF8}.Ad-Hoc|Any CPU.ActiveCfg = Release|Any CPU
		{D2079E56-FD7D-45C7-81F1-1991FCD2CBF8}.Ad-Hoc|Any CPU.Build.0 = Release|Any CPU
		{D2079E56-FD7D-45C7-81F1-1991FCD2CBF8}.Ad-Hoc|ARM.ActiveCfg = Release|Any CPU
		{D2079E56-FD7D-45C7-81F1-1991FCD2CBF8}.Ad-Hoc|iPhone.ActiveCfg = Release|Any CPU
		{D2079E56-FD7D-45C7-81F1-1991FCD2CBF8}.Ad-Hoc|iPhoneSimulator.ActiveCfg = Release|Any CPU
		{D2079E56-FD7D-45C7-81F1-1991FCD2CBF8}.Ad-Hoc|Mixed Platforms.ActiveCfg = Release|Any CPU
		{D2079E56-FD7D-45C7-81F1-1991FCD2CBF8}.Ad-Hoc|Mixed Platforms.Build.0 = Release|Any CPU
		{D2079E56-FD7D-45C7-81F1-1991FCD2CBF8}.Ad-Hoc|x64.ActiveCfg = Release|Any CPU
		{D2079E56-FD7D-45C7-81F1-1991FCD2CBF8}.Ad-Hoc|x86.ActiveCfg = Release|Any CPU
		{D2079E56-FD7D-45C7-81F1-1991FCD2CBF8}.AppStore|Any CPU.ActiveCfg = Release|Any CPU
		{D2079E56-FD7D-45C7-81F1-1991FCD2CBF8}.AppStore|Any CPU.Build.0 = Release|Any CPU
		{D2079E56-FD7D-45C7-81F1-1991FCD2CBF8}.AppStore|ARM.ActiveCfg = Release|Any CPU
		{D2079E56-FD7D-45C7-81F1-1991FCD2CBF8}.AppStore|iPhone.ActiveCfg = Release|Any CPU
		{D2079E56-FD7D-45C7-81F1-1991FCD2CBF8}.AppStore|iPhoneSimulator.ActiveCfg = Release|Any CPU
		{D2079E56-FD7D-45C7-81F1-1991FCD2CBF8}.AppStore|Mixed Platforms.ActiveCfg = Release|Any CPU
		{D2079E56-FD7D-45C7-81F1-1991FCD2CBF8}.AppStore|Mixed Platforms.Build.0 = Release|Any CPU
		{D2079E56-FD7D-45C7-81F1-1991FCD2CBF8}.AppStore|x64.ActiveCfg = Release|Any CPU
		{D2079E56-FD7D-45C7-81F1-1991FCD2CBF8}.AppStore|x86.ActiveCfg = Release|Any CPU
		{D2079E56-FD7D-45C7-81F1-1991FCD2CBF8}.Debug|Any CPU.ActiveCfg = Debug|Any CPU
		{D2079E56-FD7D-45C7-81F1-1991FCD2CBF8}.Debug|Any CPU.Build.0 = Debug|Any CPU
		{D2079E56-FD7D-45C7-81F1-1991FCD2CBF8}.Debug|ARM.ActiveCfg = Debug|Any CPU
		{D2079E56-FD7D-45C7-81F1-1991FCD2CBF8}.Debug|iPhone.ActiveCfg = Debug|Any CPU
		{D2079E56-FD7D-45C7-81F1-1991FCD2CBF8}.Debug|iPhoneSimulator.ActiveCfg = Debug|Any CPU
		{D2079E56-FD7D-45C7-81F1-1991FCD2CBF8}.Debug|Mixed Platforms.ActiveCfg = Debug|Any CPU
		{D2079E56-FD7D-45C7-81F1-1991FCD2CBF8}.Debug|Mixed Platforms.Build.0 = Debug|Any CPU
		{D2079E56-FD7D-45C7-81F1-1991FCD2CBF8}.Debug|x64.ActiveCfg = Debug|Any CPU
		{D2079E56-FD7D-45C7-81F1-1991FCD2CBF8}.Debug|x86.ActiveCfg = Debug|Any CPU
		{D2079E56-FD7D-45C7-81F1-1991FCD2CBF8}.Distribution|Any CPU.ActiveCfg = Debug|Any CPU
		{D2079E56-FD7D-45C7-81F1-1991FCD2CBF8}.Distribution|Any CPU.Build.0 = Debug|Any CPU
		{D2079E56-FD7D-45C7-81F1-1991FCD2CBF8}.Distribution|ARM.ActiveCfg = Debug|Any CPU
		{D2079E56-FD7D-45C7-81F1-1991FCD2CBF8}.Distribution|iPhone.ActiveCfg = Debug|Any CPU
		{D2079E56-FD7D-45C7-81F1-1991FCD2CBF8}.Distribution|iPhoneSimulator.ActiveCfg = Debug|Any CPU
		{D2079E56-FD7D-45C7-81F1-1991FCD2CBF8}.Distribution|Mixed Platforms.ActiveCfg = Debug|Any CPU
		{D2079E56-FD7D-45C7-81F1-1991FCD2CBF8}.Distribution|Mixed Platforms.Build.0 = Debug|Any CPU
		{D2079E56-FD7D-45C7-81F1-1991FCD2CBF8}.Distribution|x64.ActiveCfg = Debug|Any CPU
		{D2079E56-FD7D-45C7-81F1-1991FCD2CBF8}.Distribution|x86.ActiveCfg = Debug|Any CPU
		{D2079E56-FD7D-45C7-81F1-1991FCD2CBF8}.Release|Any CPU.ActiveCfg = Release|Any CPU
		{D2079E56-FD7D-45C7-81F1-1991FCD2CBF8}.Release|Any CPU.Build.0 = Release|Any CPU
		{D2079E56-FD7D-45C7-81F1-1991FCD2CBF8}.Release|ARM.ActiveCfg = Release|Any CPU
		{D2079E56-FD7D-45C7-81F1-1991FCD2CBF8}.Release|iPhone.ActiveCfg = Release|Any CPU
		{D2079E56-FD7D-45C7-81F1-1991FCD2CBF8}.Release|iPhoneSimulator.ActiveCfg = Release|Any CPU
		{D2079E56-FD7D-45C7-81F1-1991FCD2CBF8}.Release|Mixed Platforms.ActiveCfg = Release|Any CPU
		{D2079E56-FD7D-45C7-81F1-1991FCD2CBF8}.Release|Mixed Platforms.Build.0 = Release|Any CPU
		{D2079E56-FD7D-45C7-81F1-1991FCD2CBF8}.Release|x64.ActiveCfg = Release|Any CPU
		{D2079E56-FD7D-45C7-81F1-1991FCD2CBF8}.Release|x86.ActiveCfg = Release|Any CPU
		{03B7B187-9C2B-4117-8D94-09A2DD8ABFBF}.Ad-Hoc|Any CPU.ActiveCfg = Release|Any CPU
		{03B7B187-9C2B-4117-8D94-09A2DD8ABFBF}.Ad-Hoc|Any CPU.Build.0 = Release|Any CPU
		{03B7B187-9C2B-4117-8D94-09A2DD8ABFBF}.Ad-Hoc|ARM.ActiveCfg = Release|Any CPU
		{03B7B187-9C2B-4117-8D94-09A2DD8ABFBF}.Ad-Hoc|iPhone.ActiveCfg = Release|Any CPU
		{03B7B187-9C2B-4117-8D94-09A2DD8ABFBF}.Ad-Hoc|iPhoneSimulator.ActiveCfg = Release|Any CPU
		{03B7B187-9C2B-4117-8D94-09A2DD8ABFBF}.Ad-Hoc|Mixed Platforms.ActiveCfg = Release|Any CPU
		{03B7B187-9C2B-4117-8D94-09A2DD8ABFBF}.Ad-Hoc|Mixed Platforms.Build.0 = Release|Any CPU
		{03B7B187-9C2B-4117-8D94-09A2DD8ABFBF}.Ad-Hoc|x64.ActiveCfg = Release|Any CPU
		{03B7B187-9C2B-4117-8D94-09A2DD8ABFBF}.Ad-Hoc|x86.ActiveCfg = Release|Any CPU
		{03B7B187-9C2B-4117-8D94-09A2DD8ABFBF}.AppStore|Any CPU.ActiveCfg = Release|Any CPU
		{03B7B187-9C2B-4117-8D94-09A2DD8ABFBF}.AppStore|Any CPU.Build.0 = Release|Any CPU
		{03B7B187-9C2B-4117-8D94-09A2DD8ABFBF}.AppStore|ARM.ActiveCfg = Release|Any CPU
		{03B7B187-9C2B-4117-8D94-09A2DD8ABFBF}.AppStore|iPhone.ActiveCfg = Release|Any CPU
		{03B7B187-9C2B-4117-8D94-09A2DD8ABFBF}.AppStore|iPhoneSimulator.ActiveCfg = Release|Any CPU
		{03B7B187-9C2B-4117-8D94-09A2DD8ABFBF}.AppStore|Mixed Platforms.ActiveCfg = Release|Any CPU
		{03B7B187-9C2B-4117-8D94-09A2DD8ABFBF}.AppStore|Mixed Platforms.Build.0 = Release|Any CPU
		{03B7B187-9C2B-4117-8D94-09A2DD8ABFBF}.AppStore|x64.ActiveCfg = Release|Any CPU
		{03B7B187-9C2B-4117-8D94-09A2DD8ABFBF}.AppStore|x86.ActiveCfg = Release|Any CPU
		{03B7B187-9C2B-4117-8D94-09A2DD8ABFBF}.Debug|Any CPU.ActiveCfg = Debug|Any CPU
		{03B7B187-9C2B-4117-8D94-09A2DD8ABFBF}.Debug|Any CPU.Build.0 = Debug|Any CPU
		{03B7B187-9C2B-4117-8D94-09A2DD8ABFBF}.Debug|ARM.ActiveCfg = Debug|Any CPU
		{03B7B187-9C2B-4117-8D94-09A2DD8ABFBF}.Debug|iPhone.ActiveCfg = Debug|Any CPU
		{03B7B187-9C2B-4117-8D94-09A2DD8ABFBF}.Debug|iPhoneSimulator.ActiveCfg = Debug|Any CPU
		{03B7B187-9C2B-4117-8D94-09A2DD8ABFBF}.Debug|Mixed Platforms.ActiveCfg = Debug|Any CPU
		{03B7B187-9C2B-4117-8D94-09A2DD8ABFBF}.Debug|Mixed Platforms.Build.0 = Debug|Any CPU
		{03B7B187-9C2B-4117-8D94-09A2DD8ABFBF}.Debug|x64.ActiveCfg = Debug|Any CPU
		{03B7B187-9C2B-4117-8D94-09A2DD8ABFBF}.Debug|x86.ActiveCfg = Debug|Any CPU
		{03B7B187-9C2B-4117-8D94-09A2DD8ABFBF}.Distribution|Any CPU.ActiveCfg = Debug|Any CPU
		{03B7B187-9C2B-4117-8D94-09A2DD8ABFBF}.Distribution|Any CPU.Build.0 = Debug|Any CPU
		{03B7B187-9C2B-4117-8D94-09A2DD8ABFBF}.Distribution|ARM.ActiveCfg = Debug|Any CPU
		{03B7B187-9C2B-4117-8D94-09A2DD8ABFBF}.Distribution|iPhone.ActiveCfg = Debug|Any CPU
		{03B7B187-9C2B-4117-8D94-09A2DD8ABFBF}.Distribution|iPhoneSimulator.ActiveCfg = Debug|Any CPU
		{03B7B187-9C2B-4117-8D94-09A2DD8ABFBF}.Distribution|Mixed Platforms.ActiveCfg = Debug|Any CPU
		{03B7B187-9C2B-4117-8D94-09A2DD8ABFBF}.Distribution|Mixed Platforms.Build.0 = Debug|Any CPU
		{03B7B187-9C2B-4117-8D94-09A2DD8ABFBF}.Distribution|x64.ActiveCfg = Debug|Any CPU
		{03B7B187-9C2B-4117-8D94-09A2DD8ABFBF}.Distribution|x86.ActiveCfg = Debug|Any CPU
		{03B7B187-9C2B-4117-8D94-09A2DD8ABFBF}.Release|Any CPU.ActiveCfg = Release|Any CPU
		{03B7B187-9C2B-4117-8D94-09A2DD8ABFBF}.Release|Any CPU.Build.0 = Release|Any CPU
		{03B7B187-9C2B-4117-8D94-09A2DD8ABFBF}.Release|ARM.ActiveCfg = Release|Any CPU
		{03B7B187-9C2B-4117-8D94-09A2DD8ABFBF}.Release|iPhone.ActiveCfg = Release|Any CPU
		{03B7B187-9C2B-4117-8D94-09A2DD8ABFBF}.Release|iPhoneSimulator.ActiveCfg = Release|Any CPU
		{03B7B187-9C2B-4117-8D94-09A2DD8ABFBF}.Release|Mixed Platforms.ActiveCfg = Release|Any CPU
		{03B7B187-9C2B-4117-8D94-09A2DD8ABFBF}.Release|Mixed Platforms.Build.0 = Release|Any CPU
		{03B7B187-9C2B-4117-8D94-09A2DD8ABFBF}.Release|x64.ActiveCfg = Release|Any CPU
		{03B7B187-9C2B-4117-8D94-09A2DD8ABFBF}.Release|x86.ActiveCfg = Release|Any CPU
	EndGlobalSection
	GlobalSection(SolutionProperties) = preSolution
		HideSolutionNode = FALSE
	EndGlobalSection
	GlobalSection(NestedProjects) = preSolution
		{13D0CB9B-25EC-48E0-9091-4FF0208545CA} = {EF0D23BE-7AAA-4C6C-BEDB-26081675C86B}
		{9499E72B-FD7C-4A9B-AB6C-0F9B7359257C} = {EF0D23BE-7AAA-4C6C-BEDB-26081675C86B}
		{CD2F8E6A-C890-4FE5-91B6-EDFDC09C90EB} = {EF0D23BE-7AAA-4C6C-BEDB-26081675C86B}
		{03B7B187-9C2B-4117-8D94-09A2DD8ABFBF} = {EF0D23BE-7AAA-4C6C-BEDB-26081675C86B}
		{EB2591F7-1492-4885-AD59-D11D2311BBC7} = {5B7E02B7-7F5B-4F16-AACD-7902F111626A}
		{72D13EE1-53A3-4A9F-9281-AE44CC5E92AC} = {5B7E02B7-7F5B-4F16-AACD-7902F111626A}
		{D2079E56-FD7D-45C7-81F1-1991FCD2CBF8} = {5B7E02B7-7F5B-4F16-AACD-7902F111626A}
	EndGlobalSection
	GlobalSection(MonoDevelopProperties) = preSolution
		StartupItem = Sample - BestSellers\BestSellers\BestSellers.Touch\BestSellers.Touch.csproj
	EndGlobalSection
EndGlobal
